
Microsoft Visual Studio Solution File, Format Version 12.00
# Visual Studio Version 17
VisualStudioVersion = 17.0.31903.59
MinimumVisualStudioVersion = 10.0.40219.1
Project("{2150E333-8FDC-42A3-9474-1A3956D46DE8}") = "src", "src", "{827E0CD3-B72D-47B6-A68D-7590B98EB39B}"
EndProject
Project("{2150E333-8FDC-42A3-9474-1A3956D46DE8}") = "Services", "Services", "{984BB9B3-3FA3-BE33-9484-CAC21695A33C}"
EndProject
Project("{2150E333-8FDC-42A3-9474-1A3956D46DE8}") = "ApprovalService", "ApprovalService", "{2E1D4DA5-6EA2-3353-AAF9-1684C3564F28}"
EndProject
Project("{2150E333-8FDC-42A3-9474-1A3956D46DE8}") = "API", "API", "{BB2246CE-3DF6-EDED-FF57-D32B66372494}"
EndProject
Project("{FAE04EC0-301F-11D3-BF4B-00C04F79EFBC}") = "ApprovalService.API", "src\Services\ApprovalService\API\ApprovalService.API.csproj", "{E3F278E3-5568-4C68-85E9-04EFE3BFB09C}"
EndProject
Project("{2150E333-8FDC-42A3-9474-1A3956D46DE8}") = "Application", "Application", "{4F94CDD3-7507-656B-7E57-D58C9C40B0EE}"
EndProject
Project("{FAE04EC0-301F-11D3-BF4B-00C04F79EFBC}") = "ApprovalService.Application", "src\Services\ApprovalService\Application\ApprovalService.Application.csproj", "{8B923EB8-25EE-44B3-AF01-A4C8000D7374}"
EndProject
Project("{2150E333-8FDC-42A3-9474-1A3956D46DE8}") = "Domain", "Domain", "{0B3D1A2A-6CDD-3D54-48C1-B7231B69DC16}"
EndProject
Project("{FAE04EC0-301F-11D3-BF4B-00C04F79EFBC}") = "ApprovalService.Domain", "src\Services\ApprovalService\Domain\ApprovalService.Domain.csproj", "{29319EA3-5413-42B7-8086-66A09243EBFB}"
EndProject
Project("{2150E333-8FDC-42A3-9474-1A3956D46DE8}") = "Infrastructure", "Infrastructure", "{876A2099-15B2-0D70-9F7E-947BBDA645E2}"
EndProject
Project("{FAE04EC0-301F-11D3-BF4B-00C04F79EFBC}") = "ApprovalService.Infrastructure", "src\Services\ApprovalService\Infrastructure\ApprovalService.Infrastructure.csproj", "{7F4B7470-33FE-47AD-BB2C-83A34F8286B9}"
EndProject
Project("{2150E333-8FDC-42A3-9474-1A3956D46DE8}") = "AttachmentService", "AttachmentService", "{D227DAB6-2B0A-6AF8-1E50-61FDE4221EF9}"
EndProject
Project("{2150E333-8FDC-42A3-9474-1A3956D46DE8}") = "API", "API", "{CB920035-1388-B3FA-4081-EDD1D8788690}"
EndProject
Project("{FAE04EC0-301F-11D3-BF4B-00C04F79EFBC}") = "AttachmentService.API", "src\Services\AttachmentService\API\AttachmentService.API.csproj", "{9BFE29EA-CE98-43F4-8B62-FF71C1BCC865}"
EndProject
Project("{2150E333-8FDC-42A3-9474-1A3956D46DE8}") = "Infrastructure", "Infrastructure", "{E77C17C0-8BE7-F660-51DA-4D393923569A}"
EndProject
Project("{FAE04EC0-301F-11D3-BF4B-00C04F79EFBC}") = "AttachmentService.Infrastructure", "src\Services\AttachmentService\Infrastructure\AttachmentService.Infrastructure.csproj", "{A5012CFB-B51E-4A66-A5AE-84909DD444B3}"
EndProject
Project("{2150E333-8FDC-42A3-9474-1A3956D46DE8}") = "NotificationService", "NotificationService", "{47931FAB-DBE1-FD8F-0AFF-2CD4B99C52C4}"
EndProject
Project("{2150E333-8FDC-42A3-9474-1A3956D46DE8}") = "API", "API", "{50807F3B-C0CC-38D3-2E8D-BC528856AF61}"
EndProject
Project("{FAE04EC0-301F-11D3-BF4B-00C04F79EFBC}") = "NotificationService.API", "src\Services\NotificationService\API\NotificationService.API.csproj", "{DC2A7014-AD04-4A34-AAFE-78302310A88F}"
EndProject
Project("{2150E333-8FDC-42A3-9474-1A3956D46DE8}") = "Infrastructure", "Infrastructure", "{58425A84-E96B-2717-D201-A75138AE0207}"
EndProject
Project("{FAE04EC0-301F-11D3-BF4B-00C04F79EFBC}") = "NotificationService.Infrastructure", "src\Services\NotificationService\Infrastructure\NotificationService.Infrastructure.csproj", "{2578219F-13F8-45C2-861F-730CF3A9DB8E}"
EndProject
Project("{2150E333-8FDC-42A3-9474-1A3956D46DE8}") = "LoggingService", "LoggingService", "{F64A2531-CE8D-8474-29B5-E9C5AF41330F}"
EndProject
Project("{2150E333-8FDC-42A3-9474-1A3956D46DE8}") = "API", "API", "{559530B0-FCA5-8D04-8983-3B5E453C7759}"
EndProject
Project("{FAE04EC0-301F-11D3-BF4B-00C04F79EFBC}") = "LoggingService.API", "src\Services\LoggingService\API\LoggingService.API.csproj", "{022625B1-3490-4CE8-8C89-4ADF775AD6D4}"
EndProject
Project("{2150E333-8FDC-42A3-9474-1A3956D46DE8}") = "Infrastructure", "Infrastructure", "{58229F02-E761-360E-EE46-1AE1DDD686F3}"
EndProject
Project("{FAE04EC0-301F-11D3-BF4B-00C04F79EFBC}") = "LoggingService.Infrastructure", "src\Services\LoggingService\Infrastructure\LoggingService.Infrastructure.csproj", "{69E0E225-D2A7-49DD-8E04-C36696649463}"
EndProject
Project("{2150E333-8FDC-42A3-9474-1A3956D46DE8}") = "UserService", "UserService", "{A52FF9A7-1006-A729-7F26-021652E10080}"
EndProject
Project("{2150E333-8FDC-42A3-9474-1A3956D46DE8}") = "API", "API", "{141B8E76-2337-1AB0-CAB9-ABB9BF8ECEA3}"
EndProject
Project("{FAE04EC0-301F-11D3-BF4B-00C04F79EFBC}") = "UserService.API", "src\Services\UserService\API\UserService.API.csproj", "{C483C8D1-4505-45D8-9687-9E2E06677DC6}"
EndProject
Project("{2150E333-8FDC-42A3-9474-1A3956D46DE8}") = "Domain", "Domain", "{63AFDEAA-207A-29A8-B8F4-C78AA70CA17A}"
EndProject
Project("{FAE04EC0-301F-11D3-BF4B-00C04F79EFBC}") = "UserService.Domain", "src\Services\UserService\Domain\UserService.Domain.csproj", "{26C24C14-4647-4B09-B4EE-CA5068F773A4}"
EndProject
Project("{2150E333-8FDC-42A3-9474-1A3956D46DE8}") = "Infrastructure", "Infrastructure", "{63A739C3-6655-4CB2-A7D2-60227B00E5AA}"
EndProject
Project("{FAE04EC0-301F-11D3-BF4B-00C04F79EFBC}") = "UserService.Infrastructure", "src\Services\UserService\Infrastructure\UserService.Infrastructure.csproj", "{4B5AA12C-FA18-448A-A3CE-D3D299C05E6A}"
EndProject
Project("{2150E333-8FDC-42A3-9474-1A3956D46DE8}") = "BuildingBlocks", "BuildingBlocks", "{7266C4A9-E384-DC00-0EB6-47F6002CFBA7}"
EndProject
Project("{2150E333-8FDC-42A3-9474-1A3956D46DE8}") = "Core", "Core", "{4F110761-0B1E-B621-6424-1B484629C92C}"
EndProject
Project("{FAE04EC0-301F-11D3-BF4B-00C04F79EFBC}") = "Infrastructure", "BuildingBlocks\Core\Infrastructure\Infrastructure.csproj", "{7C5CBD63-EF29-4B44-9FA8-560DE3F08B33}"
EndProject
Project("{2150E333-8FDC-42A3-9474-1A3956D46DE8}") = "Domain", "Domain", "{9EE77265-9D41-50BF-78DF-5BA10679BA31}"
EndProject
Project("{FAE04EC0-301F-11D3-BF4B-00C04F79EFBC}") = "AttachmentService.Domain", "src\Services\AttachmentService\Domain\AttachmentService.Domain.csproj", "{5AAD25D9-D287-4815-A477-692312FF211D}"
EndProject
Global
	GlobalSection(SolutionConfigurationPlatforms) = preSolution
		Debug|Any CPU = Debug|Any CPU
		Debug|x64 = Debug|x64
		Debug|x86 = Debug|x86
		Release|Any CPU = Release|Any CPU
		Release|x64 = Release|x64
		Release|x86 = Release|x86
	EndGlobalSection
	GlobalSection(ProjectConfigurationPlatforms) = postSolution
		{E3F278E3-5568-4C68-85E9-04EFE3BFB09C}.Debug|Any CPU.ActiveCfg = Debug|Any CPU
		{E3F278E3-5568-4C68-85E9-04EFE3BFB09C}.Debug|Any CPU.Build.0 = Debug|Any CPU
		{E3F278E3-5568-4C68-85E9-04EFE3BFB09C}.Debug|x64.ActiveCfg = Debug|Any CPU
		{E3F278E3-5568-4C68-85E9-04EFE3BFB09C}.Debug|x64.Build.0 = Debug|Any CPU
		{E3F278E3-5568-4C68-85E9-04EFE3BFB09C}.Debug|x86.ActiveCfg = Debug|Any CPU
		{E3F278E3-5568-4C68-85E9-04EFE3BFB09C}.Debug|x86.Build.0 = Debug|Any CPU
		{E3F278E3-5568-4C68-85E9-04EFE3BFB09C}.Release|Any CPU.ActiveCfg = Release|Any CPU
		{E3F278E3-5568-4C68-85E9-04EFE3BFB09C}.Release|Any CPU.Build.0 = Release|Any CPU
		{E3F278E3-5568-4C68-85E9-04EFE3BFB09C}.Release|x64.ActiveCfg = Release|Any CPU
		{E3F278E3-5568-4C68-85E9-04EFE3BFB09C}.Release|x64.Build.0 = Release|Any CPU
		{E3F278E3-5568-4C68-85E9-04EFE3BFB09C}.Release|x86.ActiveCfg = Release|Any CPU
		{E3F278E3-5568-4C68-85E9-04EFE3BFB09C}.Release|x86.Build.0 = Release|Any CPU
		{8B923EB8-25EE-44B3-AF01-A4C8000D7374}.Debug|Any CPU.ActiveCfg = Debug|Any CPU
		{8B923EB8-25EE-44B3-AF01-A4C8000D7374}.Debug|Any CPU.Build.0 = Debug|Any CPU
		{8B923EB8-25EE-44B3-AF01-A4C8000D7374}.Debug|x64.ActiveCfg = Debug|Any CPU
		{8B923EB8-25EE-44B3-AF01-A4C8000D7374}.Debug|x64.Build.0 = Debug|Any CPU
		{8B923EB8-25EE-44B3-AF01-A4C8000D7374}.Debug|x86.ActiveCfg = Debug|Any CPU
		{8B923EB8-25EE-44B3-AF01-A4C8000D7374}.Debug|x86.Build.0 = Debug|Any CPU
		{8B923EB8-25EE-44B3-AF01-A4C8000D7374}.Release|Any CPU.ActiveCfg = Release|Any CPU
		{8B923EB8-25EE-44B3-AF01-A4C8000D7374}.Release|Any CPU.Build.0 = Release|Any CPU
		{8B923EB8-25EE-44B3-AF01-A4C8000D7374}.Release|x64.ActiveCfg = Release|Any CPU
		{8B923EB8-25EE-44B3-AF01-A4C8000D7374}.Release|x64.Build.0 = Release|Any CPU
		{8B923EB8-25EE-44B3-AF01-A4C8000D7374}.Release|x86.ActiveCfg = Release|Any CPU
		{8B923EB8-25EE-44B3-AF01-A4C8000D7374}.Release|x86.Build.0 = Release|Any CPU
		{29319EA3-5413-42B7-8086-66A09243EBFB}.Debug|Any CPU.ActiveCfg = Debug|Any CPU
		{29319EA3-5413-42B7-8086-66A09243EBFB}.Debug|Any CPU.Build.0 = Debug|Any CPU
		{29319EA3-5413-42B7-8086-66A09243EBFB}.Debug|x64.ActiveCfg = Debug|Any CPU
		{29319EA3-5413-42B7-8086-66A09243EBFB}.Debug|x64.Build.0 = Debug|Any CPU
		{29319EA3-5413-42B7-8086-66A09243EBFB}.Debug|x86.ActiveCfg = Debug|Any CPU
		{29319EA3-5413-42B7-8086-66A09243EBFB}.Debug|x86.Build.0 = Debug|Any CPU
		{29319EA3-5413-42B7-8086-66A09243EBFB}.Release|Any CPU.ActiveCfg = Release|Any CPU
		{29319EA3-5413-42B7-8086-66A09243EBFB}.Release|Any CPU.Build.0 = Release|Any CPU
		{29319EA3-5413-42B7-8086-66A09243EBFB}.Release|x64.ActiveCfg = Release|Any CPU
		{29319EA3-5413-42B7-8086-66A09243EBFB}.Release|x64.Build.0 = Release|Any CPU
		{29319EA3-5413-42B7-8086-66A09243EBFB}.Release|x86.ActiveCfg = Release|Any CPU
		{29319EA3-5413-42B7-8086-66A09243EBFB}.Release|x86.Build.0 = Release|Any CPU
		{7F4B7470-33FE-47AD-BB2C-83A34F8286B9}.Debug|Any CPU.ActiveCfg = Debug|Any CPU
		{7F4B7470-33FE-47AD-BB2C-83A34F8286B9}.Debug|Any CPU.Build.0 = Debug|Any CPU
		{7F4B7470-33FE-47AD-BB2C-83A34F8286B9}.Debug|x64.ActiveCfg = Debug|Any CPU
		{7F4B7470-33FE-47AD-BB2C-83A34F8286B9}.Debug|x64.Build.0 = Debug|Any CPU
		{7F4B7470-33FE-47AD-BB2C-83A34F8286B9}.Debug|x86.ActiveCfg = Debug|Any CPU
		{7F4B7470-33FE-47AD-BB2C-83A34F8286B9}.Debug|x86.Build.0 = Debug|Any CPU
		{7F4B7470-33FE-47AD-BB2C-83A34F8286B9}.Release|Any CPU.ActiveCfg = Release|Any CPU
		{7F4B7470-33FE-47AD-BB2C-83A34F8286B9}.Release|Any CPU.Build.0 = Release|Any CPU
		{7F4B7470-33FE-47AD-BB2C-83A34F8286B9}.Release|x64.ActiveCfg = Release|Any CPU
		{7F4B7470-33FE-47AD-BB2C-83A34F8286B9}.Release|x64.Build.0 = Release|Any CPU
		{7F4B7470-33FE-47AD-BB2C-83A34F8286B9}.Release|x86.ActiveCfg = Release|Any CPU
		{7F4B7470-33FE-47AD-BB2C-83A34F8286B9}.Release|x86.Build.0 = Release|Any CPU
		{9BFE29EA-CE98-43F4-8B62-FF71C1BCC865}.Debug|Any CPU.ActiveCfg = Debug|Any CPU
		{9BFE29EA-CE98-43F4-8B62-FF71C1BCC865}.Debug|Any CPU.Build.0 = Debug|Any CPU
		{9BFE29EA-CE98-43F4-8B62-FF71C1BCC865}.Debug|x64.ActiveCfg = Debug|Any CPU
		{9BFE29EA-CE98-43F4-8B62-FF71C1BCC865}.Debug|x64.Build.0 = Debug|Any CPU
		{9BFE29EA-CE98-43F4-8B62-FF71C1BCC865}.Debug|x86.ActiveCfg = Debug|Any CPU
		{9BFE29EA-CE98-43F4-8B62-FF71C1BCC865}.Debug|x86.Build.0 = Debug|Any CPU
		{9BFE29EA-CE98-43F4-8B62-FF71C1BCC865}.Release|Any CPU.ActiveCfg = Release|Any CPU
		{9BFE29EA-CE98-43F4-8B62-FF71C1BCC865}.Release|Any CPU.Build.0 = Release|Any CPU
		{9BFE29EA-CE98-43F4-8B62-FF71C1BCC865}.Release|x64.ActiveCfg = Release|Any CPU
		{9BFE29EA-CE98-43F4-8B62-FF71C1BCC865}.Release|x64.Build.0 = Release|Any CPU
		{9BFE29EA-CE98-43F4-8B62-FF71C1BCC865}.Release|x86.ActiveCfg = Release|Any CPU
		{9BFE29EA-CE98-43F4-8B62-FF71C1BCC865}.Release|x86.Build.0 = Release|Any CPU
		{A5012CFB-B51E-4A66-A5AE-84909DD444B3}.Debug|Any CPU.ActiveCfg = Debug|Any CPU
		{A5012CFB-B51E-4A66-A5AE-84909DD444B3}.Debug|Any CPU.Build.0 = Debug|Any CPU
		{A5012CFB-B51E-4A66-A5AE-84909DD444B3}.Debug|x64.ActiveCfg = Debug|Any CPU
		{A5012CFB-B51E-4A66-A5AE-84909DD444B3}.Debug|x64.Build.0 = Debug|Any CPU
		{A5012CFB-B51E-4A66-A5AE-84909DD444B3}.Debug|x86.ActiveCfg = Debug|Any CPU
		{A5012CFB-B51E-4A66-A5AE-84909DD444B3}.Debug|x86.Build.0 = Debug|Any CPU
		{A5012CFB-B51E-4A66-A5AE-84909DD444B3}.Release|Any CPU.ActiveCfg = Release|Any CPU
		{A5012CFB-B51E-4A66-A5AE-84909DD444B3}.Release|Any CPU.Build.0 = Release|Any CPU
		{A5012CFB-B51E-4A66-A5AE-84909DD444B3}.Release|x64.ActiveCfg = Release|Any CPU
		{A5012CFB-B51E-4A66-A5AE-84909DD444B3}.Release|x64.Build.0 = Release|Any CPU
		{A5012CFB-B51E-4A66-A5AE-84909DD444B3}.Release|x86.ActiveCfg = Release|Any CPU
		{A5012CFB-B51E-4A66-A5AE-84909DD444B3}.Release|x86.Build.0 = Release|Any CPU
		{DC2A7014-AD04-4A34-AAFE-78302310A88F}.Debug|Any CPU.ActiveCfg = Debug|Any CPU
		{DC2A7014-AD04-4A34-AAFE-78302310A88F}.Debug|Any CPU.Build.0 = Debug|Any CPU
		{DC2A7014-AD04-4A34-AAFE-78302310A88F}.Debug|x64.ActiveCfg = Debug|Any CPU
		{DC2A7014-AD04-4A34-AAFE-78302310A88F}.Debug|x64.Build.0 = Debug|Any CPU
		{DC2A7014-AD04-4A34-AAFE-78302310A88F}.Debug|x86.ActiveCfg = Debug|Any CPU
		{DC2A7014-AD04-4A34-AAFE-78302310A88F}.Debug|x86.Build.0 = Debug|Any CPU
		{DC2A7014-AD04-4A34-AAFE-78302310A88F}.Release|Any CPU.ActiveCfg = Release|Any CPU
		{DC2A7014-AD04-4A34-AAFE-78302310A88F}.Release|Any CPU.Build.0 = Release|Any CPU
		{DC2A7014-AD04-4A34-AAFE-78302310A88F}.Release|x64.ActiveCfg = Release|Any CPU
		{DC2A7014-AD04-4A34-AAFE-78302310A88F}.Release|x64.Build.0 = Release|Any CPU
		{DC2A7014-AD04-4A34-AAFE-78302310A88F}.Release|x86.ActiveCfg = Release|Any CPU
		{DC2A7014-AD04-4A34-AAFE-78302310A88F}.Release|x86.Build.0 = Release|Any CPU
		{2578219F-13F8-45C2-861F-730CF3A9DB8E}.Debug|Any CPU.ActiveCfg = Debug|Any CPU
		{2578219F-13F8-45C2-861F-730CF3A9DB8E}.Debug|Any CPU.Build.0 = Debug|Any CPU
		{2578219F-13F8-45C2-861F-730CF3A9DB8E}.Debug|x64.ActiveCfg = Debug|Any CPU
		{2578219F-13F8-45C2-861F-730CF3A9DB8E}.Debug|x64.Build.0 = Debug|Any CPU
		{2578219F-13F8-45C2-861F-730CF3A9DB8E}.Debug|x86.ActiveCfg = Debug|Any CPU
		{2578219F-13F8-45C2-861F-730CF3A9DB8E}.Debug|x86.Build.0 = Debug|Any CPU
		{2578219F-13F8-45C2-861F-730CF3A9DB8E}.Release|Any CPU.ActiveCfg = Release|Any CPU
		{2578219F-13F8-45C2-861F-730CF3A9DB8E}.Release|Any CPU.Build.0 = Release|Any CPU
		{2578219F-13F8-45C2-861F-730CF3A9DB8E}.Release|x64.ActiveCfg = Release|Any CPU
		{2578219F-13F8-45C2-861F-730CF3A9DB8E}.Release|x64.Build.0 = Release|Any CPU
		{2578219F-13F8-45C2-861F-730CF3A9DB8E}.Release|x86.ActiveCfg = Release|Any CPU
		{2578219F-13F8-45C2-861F-730CF3A9DB8E}.Release|x86.Build.0 = Release|Any CPU
		{022625B1-3490-4CE8-8C89-4ADF775AD6D4}.Debug|Any CPU.ActiveCfg = Debug|Any CPU
		{022625B1-3490-4CE8-8C89-4ADF775AD6D4}.Debug|Any CPU.Build.0 = Debug|Any CPU
		{022625B1-3490-4CE8-8C89-4ADF775AD6D4}.Debug|x64.ActiveCfg = Debug|Any CPU
		{022625B1-3490-4CE8-8C89-4ADF775AD6D4}.Debug|x64.Build.0 = Debug|Any CPU
		{022625B1-3490-4CE8-8C89-4ADF775AD6D4}.Debug|x86.ActiveCfg = Debug|Any CPU
		{022625B1-3490-4CE8-8C89-4ADF775AD6D4}.Debug|x86.Build.0 = Debug|Any CPU
		{022625B1-3490-4CE8-8C89-4ADF775AD6D4}.Release|Any CPU.ActiveCfg = Release|Any CPU
		{022625B1-3490-4CE8-8C89-4ADF775AD6D4}.Release|Any CPU.Build.0 = Release|Any CPU
		{022625B1-3490-4CE8-8C89-4ADF775AD6D4}.Release|x64.ActiveCfg = Release|Any CPU
		{022625B1-3490-4CE8-8C89-4ADF775AD6D4}.Release|x64.Build.0 = Release|Any CPU
		{022625B1-3490-4CE8-8C89-4ADF775AD6D4}.Release|x86.ActiveCfg = Release|Any CPU
		{022625B1-3490-4CE8-8C89-4ADF775AD6D4}.Release|x86.Build.0 = Release|Any CPU
		{69E0E225-D2A7-49DD-8E04-C36696649463}.Debug|Any CPU.ActiveCfg = Debug|Any CPU
		{69E0E225-D2A7-49DD-8E04-C36696649463}.Debug|Any CPU.Build.0 = Debug|Any CPU
		{69E0E225-D2A7-49DD-8E04-C36696649463}.Debug|x64.ActiveCfg = Debug|Any CPU
		{69E0E225-D2A7-49DD-8E04-C36696649463}.Debug|x64.Build.0 = Debug|Any CPU
		{69E0E225-D2A7-49DD-8E04-C36696649463}.Debug|x86.ActiveCfg = Debug|Any CPU
		{69E0E225-D2A7-49DD-8E04-C36696649463}.Debug|x86.Build.0 = Debug|Any CPU
		{69E0E225-D2A7-49DD-8E04-C36696649463}.Release|Any CPU.ActiveCfg = Release|Any CPU
		{69E0E225-D2A7-49DD-8E04-C36696649463}.Release|Any CPU.Build.0 = Release|Any CPU
		{69E0E225-D2A7-49DD-8E04-C36696649463}.Release|x64.ActiveCfg = Release|Any CPU
		{69E0E225-D2A7-49DD-8E04-C36696649463}.Release|x64.Build.0 = Release|Any CPU
		{69E0E225-D2A7-49DD-8E04-C36696649463}.Release|x86.ActiveCfg = Release|Any CPU
		{69E0E225-D2A7-49DD-8E04-C36696649463}.Release|x86.Build.0 = Release|Any CPU
		{C483C8D1-4505-45D8-9687-9E2E06677DC6}.Debug|Any CPU.ActiveCfg = Debug|Any CPU
		{C483C8D1-4505-45D8-9687-9E2E06677DC6}.Debug|Any CPU.Build.0 = Debug|Any CPU
		{C483C8D1-4505-45D8-9687-9E2E06677DC6}.Debug|x64.ActiveCfg = Debug|Any CPU
		{C483C8D1-4505-45D8-9687-9E2E06677DC6}.Debug|x64.Build.0 = Debug|Any CPU
		{C483C8D1-4505-45D8-9687-9E2E06677DC6}.Debug|x86.ActiveCfg = Debug|Any CPU
		{C483C8D1-4505-45D8-9687-9E2E06677DC6}.Debug|x86.Build.0 = Debug|Any CPU
		{C483C8D1-4505-45D8-9687-9E2E06677DC6}.Release|Any CPU.ActiveCfg = Release|Any CPU
		{C483C8D1-4505-45D8-9687-9E2E06677DC6}.Release|Any CPU.Build.0 = Release|Any CPU
		{C483C8D1-4505-45D8-9687-9E2E06677DC6}.Release|x64.ActiveCfg = Release|Any CPU
		{C483C8D1-4505-45D8-9687-9E2E06677DC6}.Release|x64.Build.0 = Release|Any CPU
		{C483C8D1-4505-45D8-9687-9E2E06677DC6}.Release|x86.ActiveCfg = Release|Any CPU
		{C483C8D1-4505-45D8-9687-9E2E06677DC6}.Release|x86.Build.0 = Release|Any CPU
		{26C24C14-4647-4B09-B4EE-CA5068F773A4}.Debug|Any CPU.ActiveCfg = Debug|Any CPU
		{26C24C14-4647-4B09-B4EE-CA5068F773A4}.Debug|Any CPU.Build.0 = Debug|Any CPU
		{26C24C14-4647-4B09-B4EE-CA5068F773A4}.Debug|x64.ActiveCfg = Debug|Any CPU
		{26C24C14-4647-4B09-B4EE-CA5068F773A4}.Debug|x64.Build.0 = Debug|Any CPU
		{26C24C14-4647-4B09-B4EE-CA5068F773A4}.Debug|x86.ActiveCfg = Debug|Any CPU
		{26C24C14-4647-4B09-B4EE-CA5068F773A4}.Debug|x86.Build.0 = Debug|Any CPU
		{26C24C14-4647-4B09-B4EE-CA5068F773A4}.Release|Any CPU.ActiveCfg = Release|Any CPU
		{26C24C14-4647-4B09-B4EE-CA5068F773A4}.Release|Any CPU.Build.0 = Release|Any CPU
		{26C24C14-4647-4B09-B4EE-CA5068F773A4}.Release|x64.ActiveCfg = Release|Any CPU
		{26C24C14-4647-4B09-B4EE-CA5068F773A4}.Release|x64.Build.0 = Release|Any CPU
		{26C24C14-4647-4B09-B4EE-CA5068F773A4}.Release|x86.ActiveCfg = Release|Any CPU
		{26C24C14-4647-4B09-B4EE-CA5068F773A4}.Release|x86.Build.0 = Release|Any CPU
		{4B5AA12C-FA18-448A-A3CE-D3D299C05E6A}.Debug|Any CPU.ActiveCfg = Debug|Any CPU
		{4B5AA12C-FA18-448A-A3CE-D3D299C05E6A}.Debug|Any CPU.Build.0 = Debug|Any CPU
		{4B5AA12C-FA18-448A-A3CE-D3D299C05E6A}.Debug|x64.ActiveCfg = Debug|Any CPU
		{4B5AA12C-FA18-448A-A3CE-D3D299C05E6A}.Debug|x64.Build.0 = Debug|Any CPU
		{4B5AA12C-FA18-448A-A3CE-D3D299C05E6A}.Debug|x86.ActiveCfg = Debug|Any CPU
		{4B5AA12C-FA18-448A-A3CE-D3D299C05E6A}.Debug|x86.Build.0 = Debug|Any CPU
		{4B5AA12C-FA18-448A-A3CE-D3D299C05E6A}.Release|Any CPU.ActiveCfg = Release|Any CPU
		{4B5AA12C-FA18-448A-A3CE-D3D299C05E6A}.Release|Any CPU.Build.0 = Release|Any CPU
		{4B5AA12C-FA18-448A-A3CE-D3D299C05E6A}.Release|x64.ActiveCfg = Release|Any CPU
		{4B5AA12C-FA18-448A-A3CE-D3D299C05E6A}.Release|x64.Build.0 = Release|Any CPU
		{4B5AA12C-FA18-448A-A3CE-D3D299C05E6A}.Release|x86.ActiveCfg = Release|Any CPU
		{4B5AA12C-FA18-448A-A3CE-D3D299C05E6A}.Release|x86.Build.0 = Release|Any CPU
		{7C5CBD63-EF29-4B44-9FA8-560DE3F08B33}.Debug|Any CPU.ActiveCfg = Debug|Any CPU
		{7C5CBD63-EF29-4B44-9FA8-560DE3F08B33}.Debug|Any CPU.Build.0 = Debug|Any CPU
		{7C5CBD63-EF29-4B44-9FA8-560DE3F08B33}.Debug|x64.ActiveCfg = Debug|Any CPU
		{7C5CBD63-EF29-4B44-9FA8-560DE3F08B33}.Debug|x64.Build.0 = Debug|Any CPU
		{7C5CBD63-EF29-4B44-9FA8-560DE3F08B33}.Debug|x86.ActiveCfg = Debug|Any CPU
		{7C5CBD63-EF29-4B44-9FA8-560DE3F08B33}.Debug|x86.Build.0 = Debug|Any CPU
		{7C5CBD63-EF29-4B44-9FA8-560DE3F08B33}.Release|Any CPU.ActiveCfg = Release|Any CPU
		{7C5CBD63-EF29-4B44-9FA8-560DE3F08B33}.Release|Any CPU.Build.0 = Release|Any CPU
		{7C5CBD63-EF29-4B44-9FA8-560DE3F08B33}.Release|x64.ActiveCfg = Release|Any CPU
		{7C5CBD63-EF29-4B44-9FA8-560DE3F08B33}.Release|x64.Build.0 = Release|Any CPU
		{7C5CBD63-EF29-4B44-9FA8-560DE3F08B33}.Release|x86.ActiveCfg = Release|Any CPU
		{7C5CBD63-EF29-4B44-9FA8-560DE3F08B33}.Release|x86.Build.0 = Release|Any CPU
		{5AAD25D9-D287-4815-A477-692312FF211D}.Debug|Any CPU.ActiveCfg = Debug|Any CPU
		{5AAD25D9-D287-4815-A477-692312FF211D}.Debug|Any CPU.Build.0 = Debug|Any CPU
		{5AAD25D9-D287-4815-A477-692312FF211D}.Debug|x64.ActiveCfg = Debug|Any CPU
		{5AAD25D9-D287-4815-A477-692312FF211D}.Debug|x64.Build.0 = Debug|Any CPU
		{5AAD25D9-D287-4815-A477-692312FF211D}.Debug|x86.ActiveCfg = Debug|Any CPU
		{5AAD25D9-D287-4815-A477-692312FF211D}.Debug|x86.Build.0 = Debug|Any CPU
		{5AAD25D9-D287-4815-A477-692312FF211D}.Release|Any CPU.ActiveCfg = Release|Any CPU
		{5AAD25D9-D287-4815-A477-692312FF211D}.Release|Any CPU.Build.0 = Release|Any CPU
		{5AAD25D9-D287-4815-A477-692312FF211D}.Release|x64.ActiveCfg = Release|Any CPU
		{5AAD25D9-D287-4815-A477-692312FF211D}.Release|x64.Build.0 = Release|Any CPU
		{5AAD25D9-D287-4815-A477-692312FF211D}.Release|x86.ActiveCfg = Release|Any CPU
		{5AAD25D9-D287-4815-A477-692312FF211D}.Release|x86.Build.0 = Release|Any CPU
	EndGlobalSection
	GlobalSection(SolutionProperties) = preSolution
		HideSolutionNode = FALSE
	EndGlobalSection
	GlobalSection(NestedProjects) = preSolution
		{984BB9B3-3FA3-BE33-9484-CAC21695A33C} = {827E0CD3-B72D-47B6-A68D-7590B98EB39B}
		{2E1D4DA5-6EA2-3353-AAF9-1684C3564F28} = {984BB9B3-3FA3-BE33-9484-CAC21695A33C}
		{BB2246CE-3DF6-EDED-FF57-D32B66372494} = {2E1D4DA5-6EA2-3353-AAF9-1684C3564F28}
		{E3F278E3-5568-4C68-85E9-04EFE3BFB09C} = {BB2246CE-3DF6-EDED-FF57-D32B66372494}
		{4F94CDD3-7507-656B-7E57-D58C9C40B0EE} = {2E1D4DA5-6EA2-3353-AAF9-1684C3564F28}
		{8B923EB8-25EE-44B3-AF01-A4C8000D7374} = {4F94CDD3-7507-656B-7E57-D58C9C40B0EE}
		{0B3D1A2A-6CDD-3D54-48C1-B7231B69DC16} = {2E1D4DA5-6EA2-3353-AAF9-1684C3564F28}
		{29319EA3-5413-42B7-8086-66A09243EBFB} = {0B3D1A2A-6CDD-3D54-48C1-B7231B69DC16}
		{876A2099-15B2-0D70-9F7E-947BBDA645E2} = {2E1D4DA5-6EA2-3353-AAF9-1684C3564F28}
		{7F4B7470-33FE-47AD-BB2C-83A34F8286B9} = {876A2099-15B2-0D70-9F7E-947BBDA645E2}
		{D227DAB6-2B0A-6AF8-1E50-61FDE4221EF9} = {984BB9B3-3FA3-BE33-9484-CAC21695A33C}
		{CB920035-1388-B3FA-4081-EDD1D8788690} = {D227DAB6-2B0A-6AF8-1E50-61FDE4221EF9}
		{9BFE29EA-CE98-43F4-8B62-FF71C1BCC865} = {CB920035-1388-B3FA-4081-EDD1D8788690}
		{E77C17C0-8BE7-F660-51DA-4D393923569A} = {D227DAB6-2B0A-6AF8-1E50-61FDE4221EF9}
		{A5012CFB-B51E-4A66-A5AE-84909DD444B3} = {E77C17C0-8BE7-F660-51DA-4D393923569A}
		{47931FAB-DBE1-FD8F-0AFF-2CD4B99C52C4} = {984BB9B3-3FA3-BE33-9484-CAC21695A33C}
		{50807F3B-C0CC-38D3-2E8D-BC528856AF61} = {47931FAB-DBE1-FD8F-0AFF-2CD4B99C52C4}
		{DC2A7014-AD04-4A34-AAFE-78302310A88F} = {50807F3B-C0CC-38D3-2E8D-BC528856AF61}
		{58425A84-E96B-2717-D201-A75138AE0207} = {47931FAB-DBE1-FD8F-0AFF-2CD4B99C52C4}
		{2578219F-13F8-45C2-861F-730CF3A9DB8E} = {58425A84-E96B-2717-D201-A75138AE0207}
		{F64A2531-CE8D-8474-29B5-E9C5AF41330F} = {984BB9B3-3FA3-BE33-9484-CAC21695A33C}
		{559530B0-FCA5-8D04-8983-3B5E453C7759} = {F64A2531-CE8D-8474-29B5-E9C5AF41330F}
		{022625B1-3490-4CE8-8C89-4ADF775AD6D4} = {559530B0-FCA5-8D04-8983-3B5E453C7759}
		{58229F02-E761-360E-EE46-1AE1DDD686F3} = {F64A2531-CE8D-8474-29B5-E9C5AF41330F}
		{69E0E225-D2A7-49DD-8E04-C36696649463} = {58229F02-E761-360E-EE46-1AE1DDD686F3}
		{A52FF9A7-1006-A729-7F26-021652E10080} = {984BB9B3-3FA3-BE33-9484-CAC21695A33C}
		{141B8E76-2337-1AB0-CAB9-ABB9BF8ECEA3} = {A52FF9A7-1006-A729-7F26-021652E10080}
		{C483C8D1-4505-45D8-9687-9E2E06677DC6} = {141B8E76-2337-1AB0-CAB9-ABB9BF8ECEA3}
		{63AFDEAA-207A-29A8-B8F4-C78AA70CA17A} = {A52FF9A7-1006-A729-7F26-021652E10080}
		{26C24C14-4647-4B09-B4EE-CA5068F773A4} = {63AFDEAA-207A-29A8-B8F4-C78AA70CA17A}
		{63A739C3-6655-4CB2-A7D2-60227B00E5AA} = {A52FF9A7-1006-A729-7F26-021652E10080}
		{4B5AA12C-FA18-448A-A3CE-D3D299C05E6A} = {63A739C3-6655-4CB2-A7D2-60227B00E5AA}
		{4F110761-0B1E-B621-6424-1B484629C92C} = {7266C4A9-E384-DC00-0EB6-47F6002CFBA7}
		{7C5CBD63-EF29-4B44-9FA8-560DE3F08B33} = {4F110761-0B1E-B621-6424-1B484629C92C}
		{9EE77265-9D41-50BF-78DF-5BA10679BA31} = {D227DAB6-2B0A-6AF8-1E50-61FDE4221EF9}
		{5AAD25D9-D287-4815-A477-692312FF211D} = {9EE77265-9D41-50BF-78DF-5BA10679BA31}
	EndGlobalSection
EndGlobal
