
Microsoft Visual Studio Solution File, Format Version 12.00
# Visual Studio Version 17
VisualStudioVersion = 17.0.31903.59
MinimumVisualStudioVersion = 10.0.40219.1
Project("{2150E333-8FDC-42A3-9474-1A3956D46DE8}") = "src", "src", "{827E0CD3-B72D-47B6-A68D-7590B98EB39B}"
EndProject
Project("{2150E333-8FDC-42A3-9474-1A3956D46DE8}") = "Services", "Services", "{984BB9B3-3FA3-BE33-9484-CAC21695A33C}"
EndProject
Project("{2150E333-8FDC-42A3-9474-1A3956D46DE8}") = "ApprovalService", "ApprovalService", "{2E1D4DA5-6EA2-3353-AAF9-1684C3564F28}"
EndProject
Project("{2150E333-8FDC-42A3-9474-1A3956D46DE8}") = "API", "API", "{BB2246CE-3DF6-EDED-FF57-D32B66372494}"
EndProject
Project("{FAE04EC0-301F-11D3-BF4B-00C04F79EFBC}") = "ApprovalService.API", "src\Services\ApprovalService\API\ApprovalService.API.csproj", "{FFE09C72-DE02-4023-98C2-BDDB96DD33C4}"
EndProject
Project("{FAE04EC0-301F-11D3-BF4B-00C04F79EFBC}") = "ApprovalService.Application", "src\Services\ApprovalService\Application\ApprovalService.Application.csproj", "{5EE24A85-2469-49C1-BFCB-E74F6FE47A8A}"
EndProject
Project("{FAE04EC0-301F-11D3-BF4B-00C04F79EFBC}") = "ApprovalService.Domain", "src\Services\ApprovalService\Domain\ApprovalService.Domain.csproj", "{9D9FBD55-9866-4481-BB2C-9B68BDDC3E93}"
EndProject
Project("{FAE04EC0-301F-11D3-BF4B-00C04F79EFBC}") = "ApprovalService.Infrastructure", "src\Services\ApprovalService\Infrastructure\ApprovalService.Infrastructure.csproj", "{E60D2030-3ACD-4F96-8DF5-99AD9E0FDC11}"
EndProject
Project("{FAE04EC0-301F-11D3-BF4B-00C04F79EFBC}") = "NotificationService.API", "src\Services\NotificationService\API\NotificationService.API.csproj", "{BD092267-8E83-4E42-B54C-27AC3C7615E3}"
EndProject
Project("{FAE04EC0-301F-11D3-BF4B-00C04F79EFBC}") = "NotificationService.Application", "src\Services\NotificationService\Application\NotificationService.Application.csproj", "{D58B0368-B19E-46DC-B850-872073C5DA27}"
EndProject
Project("{FAE04EC0-301F-11D3-BF4B-00C04F79EFBC}") = "NotificationService.Domain", "src\Services\NotificationService\Domain\NotificationService.Domain.csproj", "{D6C039A3-DDB3-4681-81FB-FC0708024E0E}"
EndProject
Project("{FAE04EC0-301F-11D3-BF4B-00C04F79EFBC}") = "NotificationService.Infrastructure", "src\Services\NotificationService\Infrastructure\NotificationService.Infrastructure.csproj", "{161DD829-9222-48AE-92E0-6FC22A9FE6B0}"
EndProject
Project("{FAE04EC0-301F-11D3-BF4B-00C04F79EFBC}") = "SharedKernel", "BuildingBlocks\SharedKernel\SharedKernel.csproj", "{B74EF982-81F9-41C7-9801-BE56AE752B6B}"
EndProject
Project("{FAE04EC0-301F-11D3-BF4B-00C04F79EFBC}") = "Contracts", "BuildingBlocks\Contracts\Contracts.csproj", "{0253B1E2-D108-4D25-9375-5BDFC55FB303}"
EndProject
Project("{FAE04EC0-301F-11D3-BF4B-00C04F79EFBC}") = "EventBus", "BuildingBlocks\EventBus\EventBus.csproj", "{A515EA7C-3DB2-433C-90C3-20136D822E3C}"
EndProject
Project("{FAE04EC0-301F-11D3-BF4B-00C04F79EFBC}") = "ApprovalService.Tests", "tests\ApprovalService.Tests\ApprovalService.Tests.csproj", "{5BEA7ACC-27D4-4379-9BA6-C9FF8095CBB5}"
EndProject
Project("{2150E333-8FDC-42A3-9474-1A3956D46DE8}") = "UI", "UI", "{BBB7B94B-6E11-D9F1-7BA6-9ECA82DB22BF}"
EndProject
Project("{FAE04EC0-301F-11D3-BF4B-00C04F79EFBC}") = "ApprovalWeb", "src\UI\ApprovalWeb\ApprovalWeb.csproj", "{43A3FE51-F4E1-46CB-BA22-19611B2548FE}"
EndProject
Global
	GlobalSection(SolutionConfigurationPlatforms) = preSolution
		Debug|Any CPU = Debug|Any CPU
		Debug|x64 = Debug|x64
		Debug|x86 = Debug|x86
		Release|Any CPU = Release|Any CPU
		Release|x64 = Release|x64
		Release|x86 = Release|x86
	EndGlobalSection
	GlobalSection(ProjectConfigurationPlatforms) = postSolution
		{FFE09C72-DE02-4023-98C2-BDDB96DD33C4}.Debug|Any CPU.ActiveCfg = Debug|Any CPU
		{FFE09C72-DE02-4023-98C2-BDDB96DD33C4}.Debug|Any CPU.Build.0 = Debug|Any CPU
		{FFE09C72-DE02-4023-98C2-BDDB96DD33C4}.Debug|x64.ActiveCfg = Debug|Any CPU
		{FFE09C72-DE02-4023-98C2-BDDB96DD33C4}.Debug|x64.Build.0 = Debug|Any CPU
		{FFE09C72-DE02-4023-98C2-BDDB96DD33C4}.Debug|x86.ActiveCfg = Debug|Any CPU
		{FFE09C72-DE02-4023-98C2-BDDB96DD33C4}.Debug|x86.Build.0 = Debug|Any CPU
		{FFE09C72-DE02-4023-98C2-BDDB96DD33C4}.Release|Any CPU.ActiveCfg = Release|Any CPU
		{FFE09C72-DE02-4023-98C2-BDDB96DD33C4}.Release|Any CPU.Build.0 = Release|Any CPU
		{FFE09C72-DE02-4023-98C2-BDDB96DD33C4}.Release|x64.ActiveCfg = Release|Any CPU
		{FFE09C72-DE02-4023-98C2-BDDB96DD33C4}.Release|x64.Build.0 = Release|Any CPU
		{FFE09C72-DE02-4023-98C2-BDDB96DD33C4}.Release|x86.ActiveCfg = Release|Any CPU
		{FFE09C72-DE02-4023-98C2-BDDB96DD33C4}.Release|x86.Build.0 = Release|Any CPU
		{5EE24A85-2469-49C1-BFCB-E74F6FE47A8A}.Debug|Any CPU.ActiveCfg = Debug|Any CPU
		{5EE24A85-2469-49C1-BFCB-E74F6FE47A8A}.Debug|Any CPU.Build.0 = Debug|Any CPU
		{5EE24A85-2469-49C1-BFCB-E74F6FE47A8A}.Debug|x64.ActiveCfg = Debug|Any CPU
		{5EE24A85-2469-49C1-BFCB-E74F6FE47A8A}.Debug|x64.Build.0 = Debug|Any CPU
		{5EE24A85-2469-49C1-BFCB-E74F6FE47A8A}.Debug|x86.ActiveCfg = Debug|Any CPU
		{5EE24A85-2469-49C1-BFCB-E74F6FE47A8A}.Debug|x86.Build.0 = Debug|Any CPU
		{5EE24A85-2469-49C1-BFCB-E74F6FE47A8A}.Release|Any CPU.ActiveCfg = Release|Any CPU
		{5EE24A85-2469-49C1-BFCB-E74F6FE47A8A}.Release|Any CPU.Build.0 = Release|Any CPU
		{5EE24A85-2469-49C1-BFCB-E74F6FE47A8A}.Release|x64.ActiveCfg = Release|Any CPU
		{5EE24A85-2469-49C1-BFCB-E74F6FE47A8A}.Release|x64.Build.0 = Release|Any CPU
		{5EE24A85-2469-49C1-BFCB-E74F6FE47A8A}.Release|x86.ActiveCfg = Release|Any CPU
		{5EE24A85-2469-49C1-BFCB-E74F6FE47A8A}.Release|x86.Build.0 = Release|Any CPU
		{9D9FBD55-9866-4481-BB2C-9B68BDDC3E93}.Debug|Any CPU.ActiveCfg = Debug|Any CPU
		{9D9FBD55-9866-4481-BB2C-9B68BDDC3E93}.Debug|Any CPU.Build.0 = Debug|Any CPU
		{9D9FBD55-9866-4481-BB2C-9B68BDDC3E93}.Debug|x64.ActiveCfg = Debug|Any CPU
		{9D9FBD55-9866-4481-BB2C-9B68BDDC3E93}.Debug|x64.Build.0 = Debug|Any CPU
		{9D9FBD55-9866-4481-BB2C-9B68BDDC3E93}.Debug|x86.ActiveCfg = Debug|Any CPU
		{9D9FBD55-9866-4481-BB2C-9B68BDDC3E93}.Debug|x86.Build.0 = Debug|Any CPU
		{9D9FBD55-9866-4481-BB2C-9B68BDDC3E93}.Release|Any CPU.ActiveCfg = Release|Any CPU
		{9D9FBD55-9866-4481-BB2C-9B68BDDC3E93}.Release|Any CPU.Build.0 = Release|Any CPU
		{9D9FBD55-9866-4481-BB2C-9B68BDDC3E93}.Release|x64.ActiveCfg = Release|Any CPU
		{9D9FBD55-9866-4481-BB2C-9B68BDDC3E93}.Release|x64.Build.0 = Release|Any CPU
		{9D9FBD55-9866-4481-BB2C-9B68BDDC3E93}.Release|x86.ActiveCfg = Release|Any CPU
		{9D9FBD55-9866-4481-BB2C-9B68BDDC3E93}.Release|x86.Build.0 = Release|Any CPU
		{E60D2030-3ACD-4F96-8DF5-99AD9E0FDC11}.Debug|Any CPU.ActiveCfg = Debug|Any CPU
		{E60D2030-3ACD-4F96-8DF5-99AD9E0FDC11}.Debug|Any CPU.Build.0 = Debug|Any CPU
		{E60D2030-3ACD-4F96-8DF5-99AD9E0FDC11}.Debug|x64.ActiveCfg = Debug|Any CPU
		{E60D2030-3ACD-4F96-8DF5-99AD9E0FDC11}.Debug|x64.Build.0 = Debug|Any CPU
		{E60D2030-3ACD-4F96-8DF5-99AD9E0FDC11}.Debug|x86.ActiveCfg = Debug|Any CPU
		{E60D2030-3ACD-4F96-8DF5-99AD9E0FDC11}.Debug|x86.Build.0 = Debug|Any CPU
		{E60D2030-3ACD-4F96-8DF5-99AD9E0FDC11}.Release|Any CPU.ActiveCfg = Release|Any CPU
		{E60D2030-3ACD-4F96-8DF5-99AD9E0FDC11}.Release|Any CPU.Build.0 = Release|Any CPU
		{E60D2030-3ACD-4F96-8DF5-99AD9E0FDC11}.Release|x64.ActiveCfg = Release|Any CPU
		{E60D2030-3ACD-4F96-8DF5-99AD9E0FDC11}.Release|x64.Build.0 = Release|Any CPU
		{E60D2030-3ACD-4F96-8DF5-99AD9E0FDC11}.Release|x86.ActiveCfg = Release|Any CPU
		{E60D2030-3ACD-4F96-8DF5-99AD9E0FDC11}.Release|x86.Build.0 = Release|Any CPU
		{BD092267-8E83-4E42-B54C-27AC3C7615E3}.Debug|Any CPU.ActiveCfg = Debug|Any CPU
		{BD092267-8E83-4E42-B54C-27AC3C7615E3}.Debug|Any CPU.Build.0 = Debug|Any CPU
		{BD092267-8E83-4E42-B54C-27AC3C7615E3}.Debug|x64.ActiveCfg = Debug|Any CPU
		{BD092267-8E83-4E42-B54C-27AC3C7615E3}.Debug|x64.Build.0 = Debug|Any CPU
		{BD092267-8E83-4E42-B54C-27AC3C7615E3}.Debug|x86.ActiveCfg = Debug|Any CPU
		{BD092267-8E83-4E42-B54C-27AC3C7615E3}.Debug|x86.Build.0 = Debug|Any CPU
		{BD092267-8E83-4E42-B54C-27AC3C7615E3}.Release|Any CPU.ActiveCfg = Release|Any CPU
		{BD092267-8E83-4E42-B54C-27AC3C7615E3}.Release|Any CPU.Build.0 = Release|Any CPU
		{BD092267-8E83-4E42-B54C-27AC3C7615E3}.Release|x64.ActiveCfg = Release|Any CPU
		{BD092267-8E83-4E42-B54C-27AC3C7615E3}.Release|x64.Build.0 = Release|Any CPU
		{BD092267-8E83-4E42-B54C-27AC3C7615E3}.Release|x86.ActiveCfg = Release|Any CPU
		{BD092267-8E83-4E42-B54C-27AC3C7615E3}.Release|x86.Build.0 = Release|Any CPU
		{D58B0368-B19E-46DC-B850-872073C5DA27}.Debug|Any CPU.ActiveCfg = Debug|Any CPU
		{D58B0368-B19E-46DC-B850-872073C5DA27}.Debug|Any CPU.Build.0 = Debug|Any CPU
		{D58B0368-B19E-46DC-B850-872073C5DA27}.Debug|x64.ActiveCfg = Debug|Any CPU
		{D58B0368-B19E-46DC-B850-872073C5DA27}.Debug|x64.Build.0 = Debug|Any CPU
		{D58B0368-B19E-46DC-B850-872073C5DA27}.Debug|x86.ActiveCfg = Debug|Any CPU
		{D58B0368-B19E-46DC-B850-872073C5DA27}.Debug|x86.Build.0 = Debug|Any CPU
		{D58B0368-B19E-46DC-B850-872073C5DA27}.Release|Any CPU.ActiveCfg = Release|Any CPU
		{D58B0368-B19E-46DC-B850-872073C5DA27}.Release|Any CPU.Build.0 = Release|Any CPU
		{D58B0368-B19E-46DC-B850-872073C5DA27}.Release|x64.ActiveCfg = Release|Any CPU
		{D58B0368-B19E-46DC-B850-872073C5DA27}.Release|x64.Build.0 = Release|Any CPU
		{D58B0368-B19E-46DC-B850-872073C5DA27}.Release|x86.ActiveCfg = Release|Any CPU
		{D58B0368-B19E-46DC-B850-872073C5DA27}.Release|x86.Build.0 = Release|Any CPU
		{D6C039A3-DDB3-4681-81FB-FC0708024E0E}.Debug|Any CPU.ActiveCfg = Debug|Any CPU
		{D6C039A3-DDB3-4681-81FB-FC0708024E0E}.Debug|Any CPU.Build.0 = Debug|Any CPU
		{D6C039A3-DDB3-4681-81FB-FC0708024E0E}.Debug|x64.ActiveCfg = Debug|Any CPU
		{D6C039A3-DDB3-4681-81FB-FC0708024E0E}.Debug|x64.Build.0 = Debug|Any CPU
		{D6C039A3-DDB3-4681-81FB-FC0708024E0E}.Debug|x86.ActiveCfg = Debug|Any CPU
		{D6C039A3-DDB3-4681-81FB-FC0708024E0E}.Debug|x86.Build.0 = Debug|Any CPU
		{D6C039A3-DDB3-4681-81FB-FC0708024E0E}.Release|Any CPU.ActiveCfg = Release|Any CPU
		{D6C039A3-DDB3-4681-81FB-FC0708024E0E}.Release|Any CPU.Build.0 = Release|Any CPU
		{D6C039A3-DDB3-4681-81FB-FC0708024E0E}.Release|x64.ActiveCfg = Release|Any CPU
		{D6C039A3-DDB3-4681-81FB-FC0708024E0E}.Release|x64.Build.0 = Release|Any CPU
		{D6C039A3-DDB3-4681-81FB-FC0708024E0E}.Release|x86.ActiveCfg = Release|Any CPU
		{D6C039A3-DDB3-4681-81FB-FC0708024E0E}.Release|x86.Build.0 = Release|Any CPU
		{161DD829-9222-48AE-92E0-6FC22A9FE6B0}.Debug|Any CPU.ActiveCfg = Debug|Any CPU
		{161DD829-9222-48AE-92E0-6FC22A9FE6B0}.Debug|Any CPU.Build.0 = Debug|Any CPU
		{161DD829-9222-48AE-92E0-6FC22A9FE6B0}.Debug|x64.ActiveCfg = Debug|Any CPU
		{161DD829-9222-48AE-92E0-6FC22A9FE6B0}.Debug|x64.Build.0 = Debug|Any CPU
		{161DD829-9222-48AE-92E0-6FC22A9FE6B0}.Debug|x86.ActiveCfg = Debug|Any CPU
		{161DD829-9222-48AE-92E0-6FC22A9FE6B0}.Debug|x86.Build.0 = Debug|Any CPU
		{161DD829-9222-48AE-92E0-6FC22A9FE6B0}.Release|Any CPU.ActiveCfg = Release|Any CPU
		{161DD829-9222-48AE-92E0-6FC22A9FE6B0}.Release|Any CPU.Build.0 = Release|Any CPU
		{161DD829-9222-48AE-92E0-6FC22A9FE6B0}.Release|x64.ActiveCfg = Release|Any CPU
		{161DD829-9222-48AE-92E0-6FC22A9FE6B0}.Release|x64.Build.0 = Release|Any CPU
		{161DD829-9222-48AE-92E0-6FC22A9FE6B0}.Release|x86.ActiveCfg = Release|Any CPU
		{161DD829-9222-48AE-92E0-6FC22A9FE6B0}.Release|x86.Build.0 = Release|Any CPU
		{B74EF982-81F9-41C7-9801-BE56AE752B6B}.Debug|Any CPU.ActiveCfg = Debug|Any CPU
		{B74EF982-81F9-41C7-9801-BE56AE752B6B}.Debug|Any CPU.Build.0 = Debug|Any CPU
		{B74EF982-81F9-41C7-9801-BE56AE752B6B}.Debug|x64.ActiveCfg = Debug|Any CPU
		{B74EF982-81F9-41C7-9801-BE56AE752B6B}.Debug|x64.Build.0 = Debug|Any CPU
		{B74EF982-81F9-41C7-9801-BE56AE752B6B}.Debug|x86.ActiveCfg = Debug|Any CPU
		{B74EF982-81F9-41C7-9801-BE56AE752B6B}.Debug|x86.Build.0 = Debug|Any CPU
		{B74EF982-81F9-41C7-9801-BE56AE752B6B}.Release|Any CPU.ActiveCfg = Release|Any CPU
		{B74EF982-81F9-41C7-9801-BE56AE752B6B}.Release|Any CPU.Build.0 = Release|Any CPU
		{B74EF982-81F9-41C7-9801-BE56AE752B6B}.Release|x64.ActiveCfg = Release|Any CPU
		{B74EF982-81F9-41C7-9801-BE56AE752B6B}.Release|x64.Build.0 = Release|Any CPU
		{B74EF982-81F9-41C7-9801-BE56AE752B6B}.Release|x86.ActiveCfg = Release|Any CPU
		{B74EF982-81F9-41C7-9801-BE56AE752B6B}.Release|x86.Build.0 = Release|Any CPU
		{0253B1E2-D108-4D25-9375-5BDFC55FB303}.Debug|Any CPU.ActiveCfg = Debug|Any CPU
		{0253B1E2-D108-4D25-9375-5BDFC55FB303}.Debug|Any CPU.Build.0 = Debug|Any CPU
		{0253B1E2-D108-4D25-9375-5BDFC55FB303}.Debug|x64.ActiveCfg = Debug|Any CPU
		{0253B1E2-D108-4D25-9375-5BDFC55FB303}.Debug|x64.Build.0 = Debug|Any CPU
		{0253B1E2-D108-4D25-9375-5BDFC55FB303}.Debug|x86.ActiveCfg = Debug|Any CPU
		{0253B1E2-D108-4D25-9375-5BDFC55FB303}.Debug|x86.Build.0 = Debug|Any CPU
		{0253B1E2-D108-4D25-9375-5BDFC55FB303}.Release|Any CPU.ActiveCfg = Release|Any CPU
		{0253B1E2-D108-4D25-9375-5BDFC55FB303}.Release|Any CPU.Build.0 = Release|Any CPU
		{0253B1E2-D108-4D25-9375-5BDFC55FB303}.Release|x64.ActiveCfg = Release|Any CPU
		{0253B1E2-D108-4D25-9375-5BDFC55FB303}.Release|x64.Build.0 = Release|Any CPU
		{0253B1E2-D108-4D25-9375-5BDFC55FB303}.Release|x86.ActiveCfg = Release|Any CPU
		{0253B1E2-D108-4D25-9375-5BDFC55FB303}.Release|x86.Build.0 = Release|Any CPU
		{A515EA7C-3DB2-433C-90C3-20136D822E3C}.Debug|Any CPU.ActiveCfg = Debug|Any CPU
		{A515EA7C-3DB2-433C-90C3-20136D822E3C}.Debug|Any CPU.Build.0 = Debug|Any CPU
		{A515EA7C-3DB2-433C-90C3-20136D822E3C}.Debug|x64.ActiveCfg = Debug|Any CPU
		{A515EA7C-3DB2-433C-90C3-20136D822E3C}.Debug|x64.Build.0 = Debug|Any CPU
		{A515EA7C-3DB2-433C-90C3-20136D822E3C}.Debug|x86.ActiveCfg = Debug|Any CPU
		{A515EA7C-3DB2-433C-90C3-20136D822E3C}.Debug|x86.Build.0 = Debug|Any CPU
		{A515EA7C-3DB2-433C-90C3-20136D822E3C}.Release|Any CPU.ActiveCfg = Release|Any CPU
		{A515EA7C-3DB2-433C-90C3-20136D822E3C}.Release|Any CPU.Build.0 = Release|Any CPU
		{A515EA7C-3DB2-433C-90C3-20136D822E3C}.Release|x64.ActiveCfg = Release|Any CPU
		{A515EA7C-3DB2-433C-90C3-20136D822E3C}.Release|x64.Build.0 = Release|Any CPU
		{A515EA7C-3DB2-433C-90C3-20136D822E3C}.Release|x86.ActiveCfg = Release|Any CPU
		{A515EA7C-3DB2-433C-90C3-20136D822E3C}.Release|x86.Build.0 = Release|Any CPU
		{5BEA7ACC-27D4-4379-9BA6-C9FF8095CBB5}.Debug|Any CPU.ActiveCfg = Debug|Any CPU
		{5BEA7ACC-27D4-4379-9BA6-C9FF8095CBB5}.Debug|Any CPU.Build.0 = Debug|Any CPU
		{5BEA7ACC-27D4-4379-9BA6-C9FF8095CBB5}.Debug|x64.ActiveCfg = Debug|Any CPU
		{5BEA7ACC-27D4-4379-9BA6-C9FF8095CBB5}.Debug|x64.Build.0 = Debug|Any CPU
		{5BEA7ACC-27D4-4379-9BA6-C9FF8095CBB5}.Debug|x86.ActiveCfg = Debug|Any CPU
		{5BEA7ACC-27D4-4379-9BA6-C9FF8095CBB5}.Debug|x86.Build.0 = Debug|Any CPU
		{5BEA7ACC-27D4-4379-9BA6-C9FF8095CBB5}.Release|Any CPU.ActiveCfg = Release|Any CPU
		{5BEA7ACC-27D4-4379-9BA6-C9FF8095CBB5}.Release|Any CPU.Build.0 = Release|Any CPU
		{5BEA7ACC-27D4-4379-9BA6-C9FF8095CBB5}.Release|x64.ActiveCfg = Release|Any CPU
		{5BEA7ACC-27D4-4379-9BA6-C9FF8095CBB5}.Release|x64.Build.0 = Release|Any CPU
		{5BEA7ACC-27D4-4379-9BA6-C9FF8095CBB5}.Release|x86.ActiveCfg = Release|Any CPU
		{5BEA7ACC-27D4-4379-9BA6-C9FF8095CBB5}.Release|x86.Build.0 = Release|Any CPU
		{43A3FE51-F4E1-46CB-BA22-19611B2548FE}.Debug|Any CPU.ActiveCfg = Debug|Any CPU
		{43A3FE51-F4E1-46CB-BA22-19611B2548FE}.Debug|Any CPU.Build.0 = Debug|Any CPU
		{43A3FE51-F4E1-46CB-BA22-19611B2548FE}.Debug|x64.ActiveCfg = Debug|Any CPU
		{43A3FE51-F4E1-46CB-BA22-19611B2548FE}.Debug|x64.Build.0 = Debug|Any CPU
		{43A3FE51-F4E1-46CB-BA22-19611B2548FE}.Debug|x86.ActiveCfg = Debug|Any CPU
		{43A3FE51-F4E1-46CB-BA22-19611B2548FE}.Debug|x86.Build.0 = Debug|Any CPU
		{43A3FE51-F4E1-46CB-BA22-19611B2548FE}.Release|Any CPU.ActiveCfg = Release|Any CPU
		{43A3FE51-F4E1-46CB-BA22-19611B2548FE}.Release|Any CPU.Build.0 = Release|Any CPU
		{43A3FE51-F4E1-46CB-BA22-19611B2548FE}.Release|x64.ActiveCfg = Release|Any CPU
		{43A3FE51-F4E1-46CB-BA22-19611B2548FE}.Release|x64.Build.0 = Release|Any CPU
		{43A3FE51-F4E1-46CB-BA22-19611B2548FE}.Release|x86.ActiveCfg = Release|Any CPU
		{43A3FE51-F4E1-46CB-BA22-19611B2548FE}.Release|x86.Build.0 = Release|Any CPU
	EndGlobalSection
	GlobalSection(SolutionProperties) = preSolution
		HideSolutionNode = FALSE
	EndGlobalSection
	GlobalSection(NestedProjects) = preSolution
		{984BB9B3-3FA3-BE33-9484-CAC21695A33C} = {827E0CD3-B72D-47B6-A68D-7590B98EB39B}
		{2E1D4DA5-6EA2-3353-AAF9-1684C3564F28} = {984BB9B3-3FA3-BE33-9484-CAC21695A33C}
		{BB2246CE-3DF6-EDED-FF57-D32B66372494} = {2E1D4DA5-6EA2-3353-AAF9-1684C3564F28}
		{FFE09C72-DE02-4023-98C2-BDDB96DD33C4} = {BB2246CE-3DF6-EDED-FF57-D32B66372494}
		{5EE24A85-2469-49C1-BFCB-E74F6FE47A8A} = {BB2246CE-3DF6-EDED-FF57-D32B66372494}
		{9D9FBD55-9866-4481-BB2C-9B68BDDC3E93} = {BB2246CE-3DF6-EDED-FF57-D32B66372494}
		{E60D2030-3ACD-4F96-8DF5-99AD9E0FDC11} = {BB2246CE-3DF6-EDED-FF57-D32B66372494}
		{BD092267-8E83-4E42-B54C-27AC3C7615E3} = {BB2246CE-3DF6-EDED-FF57-D32B66372494}
		{D58B0368-B19E-46DC-B850-872073C5DA27} = {BB2246CE-3DF6-EDED-FF57-D32B66372494}
		{D6C039A3-DDB3-4681-81FB-FC0708024E0E} = {BB2246CE-3DF6-EDED-FF57-D32B66372494}
		{161DD829-9222-48AE-92E0-6FC22A9FE6B0} = {BB2246CE-3DF6-EDED-FF57-D32B66372494}
		{B74EF982-81F9-41C7-9801-BE56AE752B6B} = {BB2246CE-3DF6-EDED-FF57-D32B66372494}
		{0253B1E2-D108-4D25-9375-5BDFC55FB303} = {BB2246CE-3DF6-EDED-FF57-D32B66372494}
		{A515EA7C-3DB2-433C-90C3-20136D822E3C} = {BB2246CE-3DF6-EDED-FF57-D32B66372494}
		{5BEA7ACC-27D4-4379-9BA6-C9FF8095CBB5} = {BB2246CE-3DF6-EDED-FF57-D32B66372494}
		{BBB7B94B-6E11-D9F1-7BA6-9ECA82DB22BF} = {827E0CD3-B72D-47B6-A68D-7590B98EB39B}
		{43A3FE51-F4E1-46CB-BA22-19611B2548FE} = {BBB7B94B-6E11-D9F1-7BA6-9ECA82DB22BF}
	EndGlobalSection
EndGlobal
